
Microsoft Visual Studio Solution File, Format Version 12.00
# Visual Studio Version 17
VisualStudioVersion = 17.8.34330.188
MinimumVisualStudioVersion = 10.0.40219.1
Project("{FAE04EC0-301F-11D3-BF4B-00C04F79EFBC}") = "WebAPISalesTools", "WebAPISalesTools\WebAPISalesTools.csproj", "{562107F4-7B62-4F15-8F16-267EA7C1FFD9}"
EndProject
Global
	GlobalSection(SolutionConfigurationPlatforms) = preSolution
		Debug|Any CPU = Debug|Any CPU
		Release|Any CPU = Release|Any CPU
	EndGlobalSection
	GlobalSection(ProjectConfigurationPlatforms) = postSolution
		{562107F4-7B62-4F15-8F16-267EA7C1FFD9}.Debug|Any CPU.ActiveCfg = Debug|Any CPU
		{562107F4-7B62-4F15-8F16-267EA7C1FFD9}.Debug|Any CPU.Build.0 = Debug|Any CPU
		{562107F4-7B62-4F15-8F16-267EA7C1FFD9}.Release|Any CPU.ActiveCfg = Release|Any CPU
		{562107F4-7B62-4F15-8F16-267EA7C1FFD9}.Release|Any CPU.Build.0 = Release|Any CPU
	EndGlobalSection
	GlobalSection(SolutionProperties) = preSolution
		HideSolutionNode = FALSE
	EndGlobalSection
	GlobalSection(ExtensibilityGlobals) = postSolution
		SolutionGuid = {78925FCE-8980-46F4-85B2-31E49BC3DAA5}
	EndGlobalSection
EndGlobal
